schema: '2.0'
stages:
  buyer_model:
    cmd: python models/buyer_model/train_buyer.py
    deps:
    - path: data/banglore.csv
      hash: md5
      md5: f82b0e9dc664f200062577298dc5f25a
      size: 256335
    - path: models/buyer_model/train_buyer.py
      hash: md5
      md5: 918707f9dbfbec5ca822dfe8b917ae79
      size: 3019
    outs:
    - path: models/buyer_model/model.pkl
      hash: md5
      md5: fb692c7961aa37e1408f85bd164246b5
      size: 806148
  seller_model:
    cmd: python models/seller_model/train_seller.py
    deps:
    - path: data/seller_data.csv
      hash: md5
      md5: 3c0416b4996c814840c06be7ff5f5ce3
      size: 350498
    - path: models/seller_model/train_seller.py
      hash: md5
      md5: 9ac3f131449e71eda137578d9e593dae
      size: 2812
    outs:
    - path: models/seller_model/model.pkl
      hash: md5
      md5: ce154edf94cd7fa1c9444d42a78e0b47
      size: 1200046
