schema: '2.0'
stages:
  buyer_model:
    cmd: python models/buyer_model/train_buyer.py
    deps:
    - path: data/banglore.csv
      hash: md5
      md5: f82b0e9dc664f200062577298dc5f25a
      size: 256335
    - path: models/buyer_model/train_buyer.py
      hash: md5
      md5: 1eb509840f5b321e85dee29defc5fc7e
      size: 4030
    outs:
    - path: models/buyer_model/model.pkl
      hash: md5
      md5: f805cc79e56d4e41970ec7d80334f13f
      size: 778920
  seller_model:
    cmd: python models/seller_model/train_seller.py
    deps:
    - path: data/seller_data.csv
      hash: md5
      md5: 3c0416b4996c814840c06be7ff5f5ce3
      size: 350498
    - path: models/seller_model/train_seller.py
      hash: md5
      md5: f8675f40526782c573072c54b2e8a3a7
      size: 3947
    outs:
    - path: models/seller_model/model.pkl
      hash: md5
      md5: 0aa043c37e539875730cf0f93f7a377c
      size: 1217270
